{
  "name": "@memycrazyworld/djk-tea",
  "version": "1.0.0",
  "lockfileVersion": 3,
  "requires": true,
  "packages": {
    "": {
      "name": "@memycrazyworld/djk-tea",
      "version": "1.0.0",
      "license": "ISC",
      "dependencies": {
        "djk-tea": "^1.0.0"
      },
      "devDependencies": {}
    },
    "node_modules/djk-tea": {
      "version": "1.0.0",
      "resolved": "https://registry.npmjs.org/djk-tea/-/djk-tea-1.0.0.tgz",
      "integrity": "sha512-7BHZEKFpo+2/PcQ3MvXiale+CsF5XRXZJ0Jrejm16CvzaUb6KTZ6edUct+0VcEv41eFIkjqaT8UXLPitwKz1nA=="
    }
  }
}
